// !$*UTF8*$!
{
	archiveVersion = 1;
	classes = {
	};
	objectVersion = 46;
	objects = {

/* Begin PBXBuildFile section */
		54BD27C81E981AAC00D762D4 /* AppDelegate.swift in Sources */ = {isa = PBXBuildFile; fileRef = 54BD27C71E981AAC00D762D4 /* AppDelegate.swift */; };
		54BD27CD1E981AAC00D762D4 /* Main.storyboard in Resources */ = {isa = PBXBuildFile; fileRef = 54BD27CB1E981AAC00D762D4 /* Main.storyboard */; };
		54BD27CF1E981AAC00D762D4 /* Assets.xcassets in Resources */ = {isa = PBXBuildFile; fileRef = 54BD27CE1E981AAC00D762D4 /* Assets.xcassets */; };
		54BD27D21E981AAC00D762D4 /* LaunchScreen.storyboard in Resources */ = {isa = PBXBuildFile; fileRef = 54BD27D01E981AAC00D762D4 /* LaunchScreen.storyboard */; };
		54BD27DD1E981AAC00D762D4 /* ListTests.swift in Sources */ = {isa = PBXBuildFile; fileRef = 54BD27DC1E981AAC00D762D4 /* ListTests.swift */; };
		54BD27E81E981AAC00D762D4 /* ListUITests.swift in Sources */ = {isa = PBXBuildFile; fileRef = 54BD27E71E981AAC00D762D4 /* ListUITests.swift */; };
		54BD27F61E981AF500D762D4 /* MainTableViewController.swift in Sources */ = {isa = PBXBuildFile; fileRef = 54BD27F51E981AF500D762D4 /* MainTableViewController.swift */; };
/* End PBXBuildFile section */

/* Begin PBXContainerItemProxy section */
		54BD27D91E981AAC00D762D4 /* PBXContainerItemProxy */ = {
			isa = PBXContainerItemProxy;
			containerPortal = 54BD27BC1E981AAC00D762D4 /* Project object */;
			proxyType = 1;
			remoteGlobalIDString = 54BD27C31E981AAC00D762D4;
			remoteInfo = List;
		};
		54BD27E41E981AAC00D762D4 /* PBXContainerItemProxy */ = {
			isa = PBXContainerItemProxy;
			containerPortal = 54BD27BC1E981AAC00D762D4 /* Project object */;
			proxyType = 1;
			remoteGlobalIDString = 54BD27C31E981AAC00D762D4;

			remoteInfo = List;
		};
/* End PBXContainerItemProxy section */

/* Begin PBXFileReference section */
		54BD27C41E981AAC00D762D4 /* List.app */ = {isa = PBXFileReference; explicitFileType = wrapper.application; includeInIndex = 0; path = List.app; sourceTree = BUILT_PRODUCTS_DIR; };
		54BD27C71E981AAC00D762D4 /* AppDelegate.swift */ = {isa = PBXFileReference; lastKnownFileType = sourcecode.swift; path = AppDelegate.swift; sourceTree = "<group>"; };
		54BD27CC1E981AAC00D762D4 /* Base */ = {isa = PBXFileReference; lastKnownFileType = file.storyboard; name = Base; path = Base.lproj/Main.storyboard; sourceTree = "<group>"; };
		54BD27CE1E981AAC00D762D4 /* Assets.xcassets */ = {isa = PBXFileReference; lastKnownFileType = folder.assetcatalog; path = Assets.xcassets; sourceTree = "<group>"; };
		54BD27D11E981AAC00D762D4 /* Base */ = {isa = PBXFileReference; lastKnownFileType = file.storyboard; name = Base; path = Base.lproj/LaunchScreen.storyboard; sourceTree = "<group>"; };
		54BD27D31E981AAC00D762D4 /* Info.plist */ = {isa = PBXFileReference; lastKnownFileType = text.plist.xml; path = Info.plist; sourceTree = "<group>"; };
		54BD27D81E981AAC00D762D4 /* ListTests.xctest */ = {isa = PBXFileReference; explicitFileType = wrapper.cfbundle; includeInIndex = 0; path = ListTests.xctest; sourceTree = BUILT_PRODUCTS_DIR; };
		54BD27DC1E981AAC00D762D4 /* ListTests.swift */ = {isa = PBXFileReference; lastKnownFileType = sourcecode.swift; path = ListTests.swift; sourceTree = "<group>"; };
		54BD27DE1E981AAC00D762D4 /* Info.plist */ = {isa = PBXFileReference; lastKnownFileType = text.plist.xml; path = Info.plist; sourceTree = "<group>"; };
		54BD27E31E981AAC00D762D4 /* ListUITests.xctest */ = {isa = PBXFileReference; explicitFileType = wrapper.cfbundle; includeInIndex = 0; path = ListUITests.xctest; sourceTree = BUILT_PRODUCTS_DIR; };
		54BD27E71E981AAC00D762D4 /* ListUITests.swift */ = {isa = PBXFileReference; lastKnownFileType = sourcecode.swift; path = ListUITests.swift; sourceTree = "<group>"; };
		54BD27E91E981AAC00D762D4 /* Info.plist */ = {isa = PBXFileReference; lastKnownFileType = text.plist.xml; path = Info.plist; sourceTree = "<group>"; };
		54BD27F51E981AF500D762D4 /* MainTableViewController.swift */ = {isa = PBXFileReference; fileEncoding = 4; lastKnownFileType = sourcecode.swift; path = MainTableViewController.swift; sourceTree = "<group>"; };
/* End PBXFileReference section */

/* Begin PBXFrameworksBuildPhase section */
		54BD27C11E981AAC00D762D4 /* Frameworks */ = {
			isa = PBXFrameworksBuildPhase;
			buildActionMask = 2147483647;
			files = (
			);
			runOnlyForDeploymentPostprocessing = 0;
		};
		54BD27D51E981AAC00D762D4 /* Frameworks */ = {

			isa = PBXFrameworksBuildPhase;
			buildActionMask = 2147483647;
			files = (
			);
			runOnlyForDeploymentPostprocessing = 0;
		};
		54BD27E01E981AAC00D762D4 /* Frameworks */ = {

			isa = PBXFrameworksBuildPhase;
			buildActionMask = 2147483647;
			files = (
			);
			runOnlyForDeploymentPostprocessing = 0;
		};
/* End PBXFrameworksBuildPhase section */

/* Begin PBXGroup section */

		54BD27BB1E981AAC00D762D4 = {
			isa = PBXGroup;
			children = (
				54BD27C61E981AAC00D762D4 /* List */,
				54BD27DB1E981AAC00D762D4 /* ListTests */,
				54BD27E61E981AAC00D762D4 /* ListUITests */,
				54BD27C51E981AAC00D762D4 /* Products */,
			);
			sourceTree = "<group>";
		};
		54BD27C51E981AAC00D762D4 /* Products */ = {
			isa = PBXGroup;
			children = (
				54BD27C41E981AAC00D762D4 /* List.app */,
				54BD27D81E981AAC00D762D4 /* ListTests.xctest */,
				54BD27E31E981AAC00D762D4 /* ListUITests.xctest */,

			);
			name = Products;
			sourceTree = "<group>";
		};

		54BD27C61E981AAC00D762D4 /* List */ = {
			isa = PBXGroup;
			children = (
				54BD27C71E981AAC00D762D4 /* AppDelegate.swift */,
				54BD27F51E981AF500D762D4 /* MainTableViewController.swift */,
				54BD27CB1E981AAC00D762D4 /* Main.storyboard */,
				54BD27CE1E981AAC00D762D4 /* Assets.xcassets */,
				54BD27D01E981AAC00D762D4 /* LaunchScreen.storyboard */,
				54BD27D31E981AAC00D762D4 /* Info.plist */,

			);
			path = List;
			sourceTree = "<group>";
		};

		54BD27DB1E981AAC00D762D4 /* ListTests */ = {
			isa = PBXGroup;
			children = (
				54BD27DC1E981AAC00D762D4 /* ListTests.swift */,
				54BD27DE1E981AAC00D762D4 /* Info.plist */,

			);
			path = ListTests;
			sourceTree = "<group>";
		};

		54BD27E61E981AAC00D762D4 /* ListUITests */ = {
			isa = PBXGroup;
			children = (
				54BD27E71E981AAC00D762D4 /* ListUITests.swift */,
				54BD27E91E981AAC00D762D4 /* Info.plist */,

			);
			path = ListUITests;
			sourceTree = "<group>";
		};
/* End PBXGroup section */

/* Begin PBXNativeTarget section */

		54BD27C31E981AAC00D762D4 /* List */ = {
			isa = PBXNativeTarget;
			buildConfigurationList = 54BD27EC1E981AAC00D762D4 /* Build configuration list for PBXNativeTarget "List" */;
			buildPhases = (
				54BD27C01E981AAC00D762D4 /* Sources */,
				54BD27C11E981AAC00D762D4 /* Frameworks */,
				54BD27C21E981AAC00D762D4 /* Resources */,

			);
			buildRules = (
			);
			dependencies = (
			);
			name = List;
			productName = List;

			productReference = 54BD27C41E981AAC00D762D4 /* List.app */;
			productType = "com.apple.product-type.application";
		};
		54BD27D71E981AAC00D762D4 /* ListTests */ = {
			isa = PBXNativeTarget;
			buildConfigurationList = 54BD27EF1E981AAC00D762D4 /* Build configuration list for PBXNativeTarget "ListTests" */;
			buildPhases = (
				54BD27D41E981AAC00D762D4 /* Sources */,
				54BD27D51E981AAC00D762D4 /* Frameworks */,
				54BD27D61E981AAC00D762D4 /* Resources */,

			);
			buildRules = (
			);
			dependencies = (

				54BD27DA1E981AAC00D762D4 /* PBXTargetDependency */,
			);
			name = ListTests;
			productName = ListTests;
			productReference = 54BD27D81E981AAC00D762D4 /* ListTests.xctest */;
			productType = "com.apple.product-type.bundle.unit-test";
		};
		54BD27E21E981AAC00D762D4 /* ListUITests */ = {
			isa = PBXNativeTarget;
			buildConfigurationList = 54BD27F21E981AAC00D762D4 /* Build configuration list for PBXNativeTarget "ListUITests" */;
			buildPhases = (
				54BD27DF1E981AAC00D762D4 /* Sources */,
				54BD27E01E981AAC00D762D4 /* Frameworks */,
				54BD27E11E981AAC00D762D4 /* Resources */,

			);
			buildRules = (
			);
			dependencies = (

				54BD27E51E981AAC00D762D4 /* PBXTargetDependency */,
			);
			name = ListUITests;
			productName = ListUITests;
			productReference = 54BD27E31E981AAC00D762D4 /* ListUITests.xctest */;

			productType = "com.apple.product-type.bundle.ui-testing";
		};
/* End PBXNativeTarget section */

/* Begin PBXProject section */

		54BD27BC1E981AAC00D762D4 /* Project object */ = {
			isa = PBXProject;
			attributes = {
				LastSwiftUpdateCheck = 0830;
				LastUpgradeCheck = 0830;
				ORGANIZATIONNAME = "Hidde van der Ploeg";
				TargetAttributes = {

					54BD27C31E981AAC00D762D4 = {

						CreatedOnToolsVersion = 8.3.1;
						DevelopmentTeam = WSJXBQB984;
						ProvisioningStyle = Automatic;
					};

					54BD27D71E981AAC00D762D4 = {
						CreatedOnToolsVersion = 8.3.1;
						DevelopmentTeam = WSJXBQB984;
						ProvisioningStyle = Automatic;
						TestTargetID = 54BD27C31E981AAC00D762D4;
					};
					54BD27E21E981AAC00D762D4 = {
						CreatedOnToolsVersion = 8.3.1;
						DevelopmentTeam = WSJXBQB984;
						ProvisioningStyle = Automatic;
						TestTargetID = 54BD27C31E981AAC00D762D4;
					};
				};
			};
			buildConfigurationList = 54BD27BF1E981AAC00D762D4 /* Build configuration list for PBXProject "List" */;

			compatibilityVersion = "Xcode 3.2";
			developmentRegion = English;
			hasScannedForEncodings = 0;
			knownRegions = (
				en,
				Base,
			);

			mainGroup = 54BD27BB1E981AAC00D762D4;
			productRefGroup = 54BD27C51E981AAC00D762D4 /* Products */;
			projectDirPath = "";
			projectRoot = "";
			targets = (
				54BD27C31E981AAC00D762D4 /* List */,
				54BD27D71E981AAC00D762D4 /* ListTests */,
				54BD27E21E981AAC00D762D4 /* ListUITests */,

			);
		};
/* End PBXProject section */

/* Begin PBXResourcesBuildPhase section */

		54BD27C21E981AAC00D762D4 /* Resources */ = {
			isa = PBXResourcesBuildPhase;
			buildActionMask = 2147483647;
			files = (
				54BD27D21E981AAC00D762D4 /* LaunchScreen.storyboard in Resources */,
				54BD27CF1E981AAC00D762D4 /* Assets.xcassets in Resources */,
				54BD27CD1E981AAC00D762D4 /* Main.storyboard in Resources */,
			);
			runOnlyForDeploymentPostprocessing = 0;
		};
		54BD27D61E981AAC00D762D4 /* Resources */ = {

			isa = PBXResourcesBuildPhase;
			buildActionMask = 2147483647;
			files = (
			);
			runOnlyForDeploymentPostprocessing = 0;
		};

		54BD27E11E981AAC00D762D4 /* Resources */ = {

			isa = PBXResourcesBuildPhase;
			buildActionMask = 2147483647;
			files = (
			);
			runOnlyForDeploymentPostprocessing = 0;
		};
/* End PBXResourcesBuildPhase section */

/* Begin PBXSourcesBuildPhase section */

		54BD27C01E981AAC00D762D4 /* Sources */ = {
			isa = PBXSourcesBuildPhase;
			buildActionMask = 2147483647;
			files = (
				54BD27F61E981AF500D762D4 /* MainTableViewController.swift in Sources */,
				54BD27C81E981AAC00D762D4 /* AppDelegate.swift in Sources */,
			);
			runOnlyForDeploymentPostprocessing = 0;
		};
		54BD27D41E981AAC00D762D4 /* Sources */ = {
			isa = PBXSourcesBuildPhase;
			buildActionMask = 2147483647;
			files = (
				54BD27DD1E981AAC00D762D4 /* ListTests.swift in Sources */,
			);
			runOnlyForDeploymentPostprocessing = 0;
		};
		54BD27DF1E981AAC00D762D4 /* Sources */ = {
			isa = PBXSourcesBuildPhase;
			buildActionMask = 2147483647;
			files = (
				54BD27E81E981AAC00D762D4 /* ListUITests.swift in Sources */,

			);
			runOnlyForDeploymentPostprocessing = 0;
		};
/* End PBXSourcesBuildPhase section */

/* Begin PBXTargetDependency section */

		54BD27DA1E981AAC00D762D4 /* PBXTargetDependency */ = {
			isa = PBXTargetDependency;
			target = 54BD27C31E981AAC00D762D4 /* List */;
			targetProxy = 54BD27D91E981AAC00D762D4 /* PBXContainerItemProxy */;
		};
		54BD27E51E981AAC00D762D4 /* PBXTargetDependency */ = {
			isa = PBXTargetDependency;
			target = 54BD27C31E981AAC00D762D4 /* List */;
			targetProxy = 54BD27E41E981AAC00D762D4 /* PBXContainerItemProxy */;

		};
/* End PBXTargetDependency section */

/* Begin PBXVariantGroup section */

		54BD27CB1E981AAC00D762D4 /* Main.storyboard */ = {
			isa = PBXVariantGroup;
			children = (
				54BD27CC1E981AAC00D762D4 /* Base */,

			);
			name = Main.storyboard;
			sourceTree = "<group>";
		};

		54BD27D01E981AAC00D762D4 /* LaunchScreen.storyboard */ = {
			isa = PBXVariantGroup;
			children = (
				54BD27D11E981AAC00D762D4 /* Base */,

			);
			name = LaunchScreen.storyboard;
			sourceTree = "<group>";
		};
/* End PBXVariantGroup section */

/* Begin XCBuildConfiguration section */

		54BD27EA1E981AAC00D762D4 /* Debug */ = {
			isa = XCBuildConfiguration;
			buildSettings = {
				ALWAYS_SEARCH_USER_PATHS = NO;
				CLANG_ANALYZER_NONNULL = YES;
				CLANG_ANALYZER_NUMBER_OBJECT_CONVERSION = YES_AGGRESSIVE;
				CLANG_CXX_LANGUAGE_STANDARD = "gnu++0x";
				CLANG_CXX_LIBRARY = "libc++";
				CLANG_ENABLE_MODULES = YES;
				CLANG_ENABLE_OBJC_ARC = YES;
				CLANG_WARN_BOOL_CONVERSION = YES;
				CLANG_WARN_CONSTANT_CONVERSION = YES;
				CLANG_WARN_DIRECT_OBJC_ISA_USAGE = YES_ERROR;
				CLANG_WARN_DOCUMENTATION_COMMENTS = YES;
				CLANG_WARN_EMPTY_BODY = YES;
				CLANG_WARN_ENUM_CONVERSION = YES;
				CLANG_WARN_INFINITE_RECURSION = YES;
				CLANG_WARN_INT_CONVERSION = YES;
				CLANG_WARN_OBJC_ROOT_CLASS = YES_ERROR;
				CLANG_WARN_SUSPICIOUS_MOVE = YES;
				CLANG_WARN_UNREACHABLE_CODE = YES;
				CLANG_WARN__DUPLICATE_METHOD_MATCH = YES;
				"CODE_SIGN_IDENTITY[sdk=iphoneos*]" = "iPhone Developer";
				COPY_PHASE_STRIP = NO;
				DEBUG_INFORMATION_FORMAT = dwarf;
				ENABLE_STRICT_OBJC_MSGSEND = YES;
				ENABLE_TESTABILITY = YES;
				GCC_C_LANGUAGE_STANDARD = gnu99;
				GCC_DYNAMIC_NO_PIC = NO;
				GCC_NO_COMMON_BLOCKS = YES;
				GCC_OPTIMIZATION_LEVEL = 0;
				GCC_PREPROCESSOR_DEFINITIONS = (
					"DEBUG=1",
					"$(inherited)",
				);
				GCC_WARN_64_TO_32_BIT_CONVERSION = YES;
				GCC_WARN_ABOUT_RETURN_TYPE = YES_ERROR;
				GCC_WARN_UNDECLARED_SELECTOR = YES;
				GCC_WARN_UNINITIALIZED_AUTOS = YES_AGGRESSIVE;
				GCC_WARN_UNUSED_FUNCTION = YES;
				GCC_WARN_UNUSED_VARIABLE = YES;
				IPHONEOS_DEPLOYMENT_TARGET = 10.3;
				MTL_ENABLE_DEBUG_INFO = YES;
				ONLY_ACTIVE_ARCH = YES;
				SDKROOT = iphoneos;
				SWIFT_ACTIVE_COMPILATION_CONDITIONS = DEBUG;
				SWIFT_OPTIMIZATION_LEVEL = "-Onone";
				TARGETED_DEVICE_FAMILY = "1,2";
			};
			name = Debug;
		};

		54BD27EB1E981AAC00D762D4 /* Release */ = {

			isa = XCBuildConfiguration;
			buildSettings = {
				ALWAYS_SEARCH_USER_PATHS = NO;
				CLANG_ANALYZER_NONNULL = YES;
				CLANG_ANALYZER_NUMBER_OBJECT_CONVERSION = YES_AGGRESSIVE;
				CLANG_CXX_LANGUAGE_STANDARD = "gnu++0x";
				CLANG_CXX_LIBRARY = "libc++";
				CLANG_ENABLE_MODULES = YES;
				CLANG_ENABLE_OBJC_ARC = YES;
				CLANG_WARN_BOOL_CONVERSION = YES;
				CLANG_WARN_CONSTANT_CONVERSION = YES;
				CLANG_WARN_DIRECT_OBJC_ISA_USAGE = YES_ERROR;
				CLANG_WARN_DOCUMENTATION_COMMENTS = YES;
				CLANG_WARN_EMPTY_BODY = YES;
				CLANG_WARN_ENUM_CONVERSION = YES;
				CLANG_WARN_INFINITE_RECURSION = YES;
				CLANG_WARN_INT_CONVERSION = YES;
				CLANG_WARN_OBJC_ROOT_CLASS = YES_ERROR;
				CLANG_WARN_SUSPICIOUS_MOVE = YES;
				CLANG_WARN_UNREACHABLE_CODE = YES;
				CLANG_WARN__DUPLICATE_METHOD_MATCH = YES;
				"CODE_SIGN_IDENTITY[sdk=iphoneos*]" = "iPhone Developer";
				COPY_PHASE_STRIP = NO;
				DEBUG_INFORMATION_FORMAT = "dwarf-with-dsym";
				ENABLE_NS_ASSERTIONS = NO;
				ENABLE_STRICT_OBJC_MSGSEND = YES;
				GCC_C_LANGUAGE_STANDARD = gnu99;
				GCC_NO_COMMON_BLOCKS = YES;
				GCC_WARN_64_TO_32_BIT_CONVERSION = YES;
				GCC_WARN_ABOUT_RETURN_TYPE = YES_ERROR;
				GCC_WARN_UNDECLARED_SELECTOR = YES;
				GCC_WARN_UNINITIALIZED_AUTOS = YES_AGGRESSIVE;
				GCC_WARN_UNUSED_FUNCTION = YES;
				GCC_WARN_UNUSED_VARIABLE = YES;
				IPHONEOS_DEPLOYMENT_TARGET = 10.3;
				MTL_ENABLE_DEBUG_INFO = NO;
				SDKROOT = iphoneos;
				SWIFT_OPTIMIZATION_LEVEL = "-Owholemodule";
				TARGETED_DEVICE_FAMILY = "1,2";
				VALIDATE_PRODUCT = YES;
			};
			name = Release;
		};

		54BD27ED1E981AAC00D762D4 /* Debug */ = {

			isa = XCBuildConfiguration;
			buildSettings = {
				ASSETCATALOG_COMPILER_APPICON_NAME = AppIcon;
				DEVELOPMENT_TEAM = WSJXBQB984;
				INFOPLIST_FILE = List/Info.plist;
				LD_RUNPATH_SEARCH_PATHS = "$(inherited) @executable_path/Frameworks";
				PRODUCT_BUNDLE_IDENTIFIER = com.octooapps.list;
				PRODUCT_NAME = "$(TARGET_NAME)";
				SWIFT_VERSION = 3.0;
			};
			name = Debug;
		};

		54BD27EE1E981AAC00D762D4 /* Release */ = {

			isa = XCBuildConfiguration;
			buildSettings = {
				ASSETCATALOG_COMPILER_APPICON_NAME = AppIcon;
				DEVELOPMENT_TEAM = WSJXBQB984;
				INFOPLIST_FILE = List/Info.plist;
				LD_RUNPATH_SEARCH_PATHS = "$(inherited) @executable_path/Frameworks";
				PRODUCT_BUNDLE_IDENTIFIER = com.octooapps.list;
				PRODUCT_NAME = "$(TARGET_NAME)";
				SWIFT_VERSION = 3.0;
			};
			name = Release;
		};

		54BD27F01E981AAC00D762D4 /* Debug */ = {

			isa = XCBuildConfiguration;
			buildSettings = {
				ALWAYS_EMBED_SWIFT_STANDARD_LIBRARIES = YES;
				BUNDLE_LOADER = "$(TEST_HOST)";
				DEVELOPMENT_TEAM = WSJXBQB984;
				INFOPLIST_FILE = ListTests/Info.plist;
				LD_RUNPATH_SEARCH_PATHS = "$(inherited) @executable_path/Frameworks @loader_path/Frameworks";
				PRODUCT_BUNDLE_IDENTIFIER = com.octooapps.ListTests;
				PRODUCT_NAME = "$(TARGET_NAME)";
				SWIFT_VERSION = 3.0;
				TEST_HOST = "$(BUILT_PRODUCTS_DIR)/List.app/List";
			};
			name = Debug;
		};

		54BD27F11E981AAC00D762D4 /* Release */ = {

			isa = XCBuildConfiguration;
			buildSettings = {
				ALWAYS_EMBED_SWIFT_STANDARD_LIBRARIES = YES;
				BUNDLE_LOADER = "$(TEST_HOST)";
				DEVELOPMENT_TEAM = WSJXBQB984;
				INFOPLIST_FILE = ListTests/Info.plist;
				LD_RUNPATH_SEARCH_PATHS = "$(inherited) @executable_path/Frameworks @loader_path/Frameworks";
				PRODUCT_BUNDLE_IDENTIFIER = com.octooapps.ListTests;
				PRODUCT_NAME = "$(TARGET_NAME)";
				SWIFT_VERSION = 3.0;
				TEST_HOST = "$(BUILT_PRODUCTS_DIR)/List.app/List";
			};
			name = Release;
		};

		54BD27F31E981AAC00D762D4 /* Debug */ = {

			isa = XCBuildConfiguration;
			buildSettings = {
				ALWAYS_EMBED_SWIFT_STANDARD_LIBRARIES = YES;
				DEVELOPMENT_TEAM = WSJXBQB984;
				INFOPLIST_FILE = ListUITests/Info.plist;
				LD_RUNPATH_SEARCH_PATHS = "$(inherited) @executable_path/Frameworks @loader_path/Frameworks";
				PRODUCT_BUNDLE_IDENTIFIER = com.octooapps.ListUITests;
				PRODUCT_NAME = "$(TARGET_NAME)";
				SWIFT_VERSION = 3.0;
				TEST_TARGET_NAME = List;
			};
			name = Debug;
		};

		54BD27F41E981AAC00D762D4 /* Release */ = {

			isa = XCBuildConfiguration;
			buildSettings = {
				ALWAYS_EMBED_SWIFT_STANDARD_LIBRARIES = YES;
				DEVELOPMENT_TEAM = WSJXBQB984;
				INFOPLIST_FILE = ListUITests/Info.plist;
				LD_RUNPATH_SEARCH_PATHS = "$(inherited) @executable_path/Frameworks @loader_path/Frameworks";
				PRODUCT_BUNDLE_IDENTIFIER = com.octooapps.ListUITests;
				PRODUCT_NAME = "$(TARGET_NAME)";
				SWIFT_VERSION = 3.0;
				TEST_TARGET_NAME = List;
			};
			name = Release;
		};
/* End XCBuildConfiguration section */

/* Begin XCConfigurationList section */

		54BD27BF1E981AAC00D762D4 /* Build configuration list for PBXProject "List" */ = {
			isa = XCConfigurationList;
			buildConfigurations = (
				54BD27EA1E981AAC00D762D4 /* Debug */,
				54BD27EB1E981AAC00D762D4 /* Release */,

			);
			defaultConfigurationIsVisible = 0;
			defaultConfigurationName = Release;
		};

		54BD27EC1E981AAC00D762D4 /* Build configuration list for PBXNativeTarget "List" */ = {
			isa = XCConfigurationList;
			buildConfigurations = (
				54BD27ED1E981AAC00D762D4 /* Debug */,
				54BD27EE1E981AAC00D762D4 /* Release */,
			);
			defaultConfigurationIsVisible = 0;
		};
		54BD27EF1E981AAC00D762D4 /* Build configuration list for PBXNativeTarget "ListTests" */ = {
			isa = XCConfigurationList;
			buildConfigurations = (
				54BD27F01E981AAC00D762D4 /* Debug */,
				54BD27F11E981AAC00D762D4 /* Release */,
			);
			defaultConfigurationIsVisible = 0;
		};
		54BD27F21E981AAC00D762D4 /* Build configuration list for PBXNativeTarget "ListUITests" */ = {
			isa = XCConfigurationList;
			buildConfigurations = (
				54BD27F31E981AAC00D762D4 /* Debug */,
				54BD27F41E981AAC00D762D4 /* Release */,

			);
			defaultConfigurationIsVisible = 0;
		};
/* End XCConfigurationList section */
	};

	rootObject = 54BD27BC1E981AAC00D762D4 /* Project object */;
}
